
Microsoft Visual Studio Solution File, Format Version 12.00
# Visual Studio 2012
Project("{FAE04EC0-301F-11D3-BF4B-00C04F79EFBC}") = "FuelEcoTrack", "FuelEcoTrack\FuelEcoTrack.csproj", "{068F3A0A-9E63-43F7-BB88-EF8EB43940ED}"
EndProject
Project("{FAE04EC0-301F-11D3-BF4B-00C04F79EFBC}") = "FuelEcoTrackTests", "FuelEcoTrackTests\FuelEcoTrackTests.csproj", "{35DCD413-F4C3-4028-837C-D7F0AFAD14F4}"
EndProject
Global
	GlobalSection(SolutionConfigurationPlatforms) = preSolution
		Debug|Any CPU = Debug|Any CPU
		Release|Any CPU = Release|Any CPU
	EndGlobalSection
	GlobalSection(ProjectConfigurationPlatforms) = postSolution
		{068F3A0A-9E63-43F7-BB88-EF8EB43940ED}.Debug|Any CPU.ActiveCfg = Debug|Any CPU
		{068F3A0A-9E63-43F7-BB88-EF8EB43940ED}.Debug|Any CPU.Build.0 = Debug|Any CPU
		{068F3A0A-9E63-43F7-BB88-EF8EB43940ED}.Release|Any CPU.ActiveCfg = Release|Any CPU
		{068F3A0A-9E63-43F7-BB88-EF8EB43940ED}.Release|Any CPU.Build.0 = Release|Any CPU
		{35DCD413-F4C3-4028-837C-D7F0AFAD14F4}.Debug|Any CPU.ActiveCfg = Debug|Any CPU
		{35DCD413-F4C3-4028-837C-D7F0AFAD14F4}.Debug|Any CPU.Build.0 = Debug|Any CPU
		{35DCD413-F4C3-4028-837C-D7F0AFAD14F4}.Release|Any CPU.ActiveCfg = Release|Any CPU
		{35DCD413-F4C3-4028-837C-D7F0AFAD14F4}.Release|Any CPU.Build.0 = Release|Any CPU
	EndGlobalSection
	GlobalSection(SolutionProperties) = preSolution
		HideSolutionNode = FALSE
	EndGlobalSection
EndGlobal
